{
    "name": "@ultraslayyy/file-transfer",
    "version": "1.0.1",
    "lockfileVersion": 3,
    "requires": true,
    "packages": {
        "": {
            "name": "@ultraslayyy/file-transfer",
            "version": "1.0.1",
            "license": "MIT",
            "dependencies": {
                "chalk": "^5.4.1",
                "cli-progress": "^3.12.0",
                "commander": "^13.1.0",
                "net": "^1.0.2",
                "os": "^0.1.2",
                "path": "^0.12.7"
            },
            "bin": {
                "ultra-file-transfer": "bin/file-transfer.js"
            },
            "devDependencies": {
                "@types/cli-progress": "^3.11.6",
                "@types/node": "^22.14.1"
            }
        },
        "node_modules/@types/cli-progress": {
            "version": "3.11.6",
            "resolved": "https://registry.npmjs.org/@types/cli-progress/-/cli-progress-3.11.6.tgz",
            "integrity": "sha512-cE3+jb9WRlu+uOSAugewNpITJDt1VF8dHOopPO4IABFc3SXYL5WE/+PTz/FCdZRRfIujiWW3n3aMbv1eIGVRWA==",
            "dev": true,
            "license": "MIT",
            "dependencies": {
                "@types/node": "*"
            }
        },
        "node_modules/@types/node": {
            "version": "22.18.8",
            "resolved": "https://registry.npmjs.org/@types/node/-/node-22.18.8.tgz",
            "integrity": "sha512-pAZSHMiagDR7cARo/cch1f3rXy0AEXwsVsVH09FcyeJVAzCnGgmYis7P3JidtTUjyadhTeSo8TgRPswstghDaw==",
            "dev": true,
            "license": "MIT",
            "dependencies": {
                "undici-types": "~6.21.0"
            }
        },
        "node_modules/ansi-regex": {
            "version": "5.0.1",
            "resolved": "https://registry.npmjs.org/ansi-regex/-/ansi-regex-5.0.1.tgz",
            "integrity": "sha512-quJQXlTSUGL2LH9SUXo8VwsY4soanhgo6LNSm84E1LBcE8s3O0wpdiRzyR9z/ZZJMlMWv37qOOb9pdJlMUEKFQ==",
            "license": "MIT",
            "engines": {
                "node": ">=8"
            }
        },
        "node_modules/chalk": {
            "version": "5.6.2",
            "resolved": "https://registry.npmjs.org/chalk/-/chalk-5.6.2.tgz",
            "integrity": "sha512-7NzBL0rN6fMUW+f7A6Io4h40qQlG+xGmtMxfbnH/K7TAtt8JQWVQK+6g0UXKMeVJoyV5EkkNsErQ8pVD3bLHbA==",
            "license": "MIT",
            "engines": {
                "node": "^12.17.0 || ^14.13 || >=16.0.0"
            },
            "funding": {
                "url": "https://github.com/chalk/chalk?sponsor=1"
            }
        },
        "node_modules/cli-progress": {
            "version": "3.12.0",
            "resolved": "https://registry.npmjs.org/cli-progress/-/cli-progress-3.12.0.tgz",
            "integrity": "sha512-tRkV3HJ1ASwm19THiiLIXLO7Im7wlTuKnvkYaTkyoAPefqjNg7W7DHKUlGRxy9vxDvbyCYQkQozvptuMkGCg8A==",
            "license": "MIT",
            "dependencies": {
                "string-width": "^4.2.3"
            },
            "engines": {
                "node": ">=4"
            }
        },
        "node_modules/commander": {
            "version": "13.1.0",
            "resolved": "https://registry.npmjs.org/commander/-/commander-13.1.0.tgz",
            "integrity": "sha512-/rFeCpNJQbhSZjGVwO9RFV3xPqbnERS8MmIQzCtD/zl6gpJuV/bMLuN92oG3F7d8oDEHHRrujSXNUr8fpjntKw==",
            "license": "MIT",
            "engines": {
                "node": ">=18"
            }
        },
        "node_modules/emoji-regex": {
            "version": "8.0.0",
            "resolved": "https://registry.npmjs.org/emoji-regex/-/emoji-regex-8.0.0.tgz",
            "integrity": "sha512-MSjYzcWNOA0ewAHpz0MxpYFvwg6yjy1NG3xteoqz644VCo/RPgnr1/GGt+ic3iJTzQ8Eu3TdM14SawnVUmGE6A==",
            "license": "MIT"
        },
        "node_modules/inherits": {
            "version": "2.0.3",
            "resolved": "https://registry.npmjs.org/inherits/-/inherits-2.0.3.tgz",
            "integrity": "sha512-x00IRNXNy63jwGkJmzPigoySHbaqpNuzKbBOmzK+g2OdZpQ9w+sxCN+VSB3ja7IAge2OP2qpfxTjeNcyjmW1uw==",
            "license": "ISC"
        },
        "node_modules/is-fullwidth-code-point": {
            "version": "3.0.0",
            "resolved": "https://registry.npmjs.org/is-fullwidth-code-point/-/is-fullwidth-code-point-3.0.0.tgz",
            "integrity": "sha512-zymm5+u+sCsSWyD9qNaejV3DFvhCKclKdizYaJUuHA83RLjb7nSuGnddCHGv0hk+KY7BMAlsWeK4Ueg6EV6XQg==",
            "license": "MIT",
            "engines": {
                "node": ">=8"
            }
        },
        "node_modules/net": {
            "version": "1.0.2",
            "resolved": "https://registry.npmjs.org/net/-/net-1.0.2.tgz",
            "integrity": "sha512-kbhcj2SVVR4caaVnGLJKmlk2+f+oLkjqdKeQlmUtz6nGzOpbcobwVIeSURNgraV/v3tlmGIX82OcPCl0K6RbHQ==",
            "license": "MIT"
        },
        "node_modules/os": {
            "version": "0.1.2",
            "resolved": "https://registry.npmjs.org/os/-/os-0.1.2.tgz",
            "integrity": "sha512-ZoXJkvAnljwvc56MbvhtKVWmSkzV712k42Is2mA0+0KTSRakq5XXuXpjZjgAt9ctzl51ojhQWakQQpmOvXWfjQ==",
            "license": "MIT"
        },
        "node_modules/path": {
            "version": "0.12.7",
            "resolved": "https://registry.npmjs.org/path/-/path-0.12.7.tgz",
            "integrity": "sha512-aXXC6s+1w7otVF9UletFkFcDsJeO7lSZBPUQhtb5O0xJe8LtYhj/GxldoL09bBj9+ZmE2hNoHqQSFMN5fikh4Q==",
            "license": "MIT",
            "dependencies": {
                "process": "^0.11.1",
                "util": "^0.10.3"
            }
        },
        "node_modules/process": {
            "version": "0.11.10",
            "resolved": "https://registry.npmjs.org/process/-/process-0.11.10.tgz",
            "integrity": "sha512-cdGef/drWFoydD1JsMzuFf8100nZl+GT+yacc2bEced5f9Rjk4z+WtFUTBu9PhOi9j/jfmBPu0mMEY4wIdAF8A==",
            "license": "MIT",
            "engines": {
                "node": ">= 0.6.0"
            }
        },
        "node_modules/string-width": {
            "version": "4.2.3",
            "resolved": "https://registry.npmjs.org/string-width/-/string-width-4.2.3.tgz",
            "integrity": "sha512-wKyQRQpjJ0sIp62ErSZdGsjMJWsap5oRNihHhu6G7JVO/9jIB6UyevL+tXuOqrng8j/cxKTWyWUwvSTriiZz/g==",
            "license": "MIT",
            "dependencies": {
                "emoji-regex": "^8.0.0",
                "is-fullwidth-code-point": "^3.0.0",
                "strip-ansi": "^6.0.1"
            },
            "engines": {
                "node": ">=8"
            }
        },
        "node_modules/strip-ansi": {
            "version": "6.0.1",
            "resolved": "https://registry.npmjs.org/strip-ansi/-/strip-ansi-6.0.1.tgz",
            "integrity": "sha512-Y38VPSHcqkFrCpFnQ9vuSXmquuv5oXOKpGeT6aGrr3o3Gc9AlVa6JBfUSOCnbxGGZF+/0ooI7KrPuUSztUdU5A==",
            "license": "MIT",
            "dependencies": {
                "ansi-regex": "^5.0.1"
            },
            "engines": {
                "node": ">=8"
            }
        },
        "node_modules/undici-types": {
            "version": "6.21.0",
            "resolved": "https://registry.npmjs.org/undici-types/-/undici-types-6.21.0.tgz",
            "integrity": "sha512-iwDZqg0QAGrg9Rav5H4n0M64c3mkR59cJ6wQp+7C4nI0gsmExaedaYLNO44eT4AtBBwjbTiGPMlt2Md0T9H9JQ==",
            "dev": true,
            "license": "MIT"
        },
        "node_modules/util": {
            "version": "0.10.4",
            "resolved": "https://registry.npmjs.org/util/-/util-0.10.4.tgz",
            "integrity": "sha512-0Pm9hTQ3se5ll1XihRic3FDIku70C+iHUdT/W926rSgHV5QgXsYbKZN8MSC3tJtSkhuROzvsQjAaFENRXr+19A==",
            "license": "MIT",
            "dependencies": {
                "inherits": "2.0.3"
            }
        }
    }
}
